
Microsoft Visual Studio Solution File, Format Version 12.00
# Visual Studio Version 16
VisualStudioVersion = 16.0.30225.117
MinimumVisualStudioVersion = 10.0.40219.1
Project("{9A19103F-16F7-4668-BE54-9A1E7A4F7556}") = "ComicAPI", "ComicAPI.csproj", "{004AE60E-94D0-4F37-B734-1AEBF0F241AC}"
EndProject
Global
	GlobalSection(SolutionConfigurationPlatforms) = preSolution
		Debug|Any CPU = Debug|Any CPU
		Release|Any CPU = Release|Any CPU
	EndGlobalSection
	GlobalSection(ProjectConfigurationPlatforms) = postSolution
		{004AE60E-94D0-4F37-B734-1AEBF0F241AC}.Debug|Any CPU.ActiveCfg = Debug|Any CPU
		{004AE60E-94D0-4F37-B734-1AEBF0F241AC}.Debug|Any CPU.Build.0 = Debug|Any CPU
		{004AE60E-94D0-4F37-B734-1AEBF0F241AC}.Release|Any CPU.ActiveCfg = Release|Any CPU
		{004AE60E-94D0-4F37-B734-1AEBF0F241AC}.Release|Any CPU.Build.0 = Release|Any CPU
	EndGlobalSection
	GlobalSection(SolutionProperties) = preSolution
		HideSolutionNode = FALSE
	EndGlobalSection
	GlobalSection(ExtensibilityGlobals) = postSolution
		SolutionGuid = {1306D5B0-CA64-496D-B51B-B80EF045A4D7}
	EndGlobalSection
EndGlobal
